Microsoft Visual Studio Solution File, Format Version 12.00
# Visual Studio Version 17
VisualStudioVersion = 17.5.2.0
MinimumVisualStudioVersion = 10.0.40219.1
Project("{FAE04EC0-301F-11D3-BF4B-00C04F79EFBC}") = "ApiProject.Tests", "ApiProject.Tests\ApiProject.Tests.csproj", "{AAB72221-1D61-17A6-B065-ADDD498BF861}"
EndProject
Project("{FAE04EC0-301F-11D3-BF4B-00C04F79EFBC}") = "ApiProject", "ApiProject\ApiProject.csproj", "{69D4AB0B-2DDB-8465-81FE-160E30D168DC}"
EndProject
Global
	GlobalSection(SolutionConfigurationPlatforms) = preSolution
		Debug|Any CPU = Debug|Any CPU
		Release|Any CPU = Release|Any CPU
	EndGlobalSection
	GlobalSection(ProjectConfigurationPlatforms) = postSolution
		{AAB72221-1D61-17A6-B065-ADDD498BF861}.Debug|Any CPU.ActiveCfg = Debug|Any CPU
		{AAB72221-1D61-17A6-B065-ADDD498BF861}.Debug|Any CPU.Build.0 = Debug|Any CPU
		{AAB72221-1D61-17A6-B065-ADDD498BF861}.Release|Any CPU.ActiveCfg = Release|Any CPU
		{AAB72221-1D61-17A6-B065-ADDD498BF861}.Release|Any CPU.Build.0 = Release|Any CPU
		{69D4AB0B-2DDB-8465-81FE-160E30D168DC}.Debug|Any CPU.ActiveCfg = Debug|Any CPU
		{69D4AB0B-2DDB-8465-81FE-160E30D168DC}.Debug|Any CPU.Build.0 = Debug|Any CPU
		{69D4AB0B-2DDB-8465-81FE-160E30D168DC}.Release|Any CPU.ActiveCfg = Release|Any CPU
		{69D4AB0B-2DDB-8465-81FE-160E30D168DC}.Release|Any CPU.Build.0 = Release|Any CPU
	EndGlobalSection
	GlobalSection(SolutionProperties) = preSolution
		HideSolutionNode = FALSE
	EndGlobalSection
	GlobalSection(ExtensibilityGlobals) = postSolution
		SolutionGuid = {5FDDE972-1EF0-4B83-9110-37F45D04B559}
	EndGlobalSection
EndGlobal
